// !$*UTF8*$!
{
	archiveVersion = 1;
	classes = {
	};
	objectVersion = 46;
	objects = {

/* Begin PBXBuildFile section */
		9A017A371C854D2300FE64D7 /* Singleton.m in Sources */ = {isa = PBXBuildFile; fileRef = 9A017A361C854D2300FE64D7 /* Singleton.m */; };
		9A017A381C854D2300FE64D7 /* Singleton.m in Sources */ = {isa = PBXBuildFile; fileRef = 9A017A361C854D2300FE64D7 /* Singleton.m */; };
		9A017A391C854D2300FE64D7 /* Singleton.m in Sources */ = {isa = PBXBuildFile; fileRef = 9A017A361C854D2300FE64D7 /* Singleton.m */; };
		9A017A441C85EE0100FE64D7 /* NSString+Hash.m in Sources */ = {isa = PBXBuildFile; fileRef = 9A017A431C85EE0100FE64D7 /* NSString+Hash.m */; };
		9A017A451C85EE0100FE64D7 /* NSString+Hash.m in Sources */ = {isa = PBXBuildFile; fileRef = 9A017A431C85EE0100FE64D7 /* NSString+Hash.m */; };
		9A017A461C85EE0100FE64D7 /* NSString+Hash.m in Sources */ = {isa = PBXBuildFile; fileRef = 9A017A431C85EE0100FE64D7 /* NSString+Hash.m */; };
		9A149FF21C849A0800A7FAA0 /* OCCommonTests.m in Sources */ = {isa = PBXBuildFile; fileRef = 9A149FF11C849A0800A7FAA0 /* OCCommonTests.m */; };
		9A149FFD1C849A0800A7FAA0 /* OCCommonUITests.m in Sources */ = {isa = PBXBuildFile; fileRef = 9A149FFC1C849A0800A7FAA0 /* OCCommonUITests.m */; };
		9A14A01D1C849C6E00A7FAA0 /* AppDelegate.m in Sources */ = {isa = PBXBuildFile; fileRef = 9A14A00C1C849C6E00A7FAA0 /* AppDelegate.m */; };
		9A14A01E1C849C6E00A7FAA0 /* AppDelegate.m in Sources */ = {isa = PBXBuildFile; fileRef = 9A14A00C1C849C6E00A7FAA0 /* AppDelegate.m */; };
		9A14A01F1C849C6E00A7FAA0 /* AppDelegate.m in Sources */ = {isa = PBXBuildFile; fileRef = 9A14A00C1C849C6E00A7FAA0 /* AppDelegate.m */; };
		9A14A0201C849C6E00A7FAA0 /* ViewController.m in Sources */ = {isa = PBXBuildFile; fileRef = 9A14A00F1C849C6E00A7FAA0 /* ViewController.m */; };
		9A14A0211C849C6E00A7FAA0 /* ViewController.m in Sources */ = {isa = PBXBuildFile; fileRef = 9A14A00F1C849C6E00A7FAA0 /* ViewController.m */; };
		9A14A0221C849C6E00A7FAA0 /* ViewController.m in Sources */ = {isa = PBXBuildFile; fileRef = 9A14A00F1C849C6E00A7FAA0 /* ViewController.m */; };
		9A14A0231C849C6E00A7FAA0 /* Assets.xcassets in Resources */ = {isa = PBXBuildFile; fileRef = 9A14A0131C849C6E00A7FAA0 /* Assets.xcassets */; };
		9A14A0241C849C6E00A7FAA0 /* Assets.xcassets in Resources */ = {isa = PBXBuildFile; fileRef = 9A14A0131C849C6E00A7FAA0 /* Assets.xcassets */; };
		9A14A0251C849C6E00A7FAA0 /* Assets.xcassets in Resources */ = {isa = PBXBuildFile; fileRef = 9A14A0131C849C6E00A7FAA0 /* Assets.xcassets */; };
		9A14A0261C849C6E00A7FAA0 /* LaunchScreen.storyboard in Resources */ = {isa = PBXBuildFile; fileRef = 9A14A0141C849C6E00A7FAA0 /* LaunchScreen.storyboard */; };
		9A14A0271C849C6E00A7FAA0 /* LaunchScreen.storyboard in Resources */ = {isa = PBXBuildFile; fileRef = 9A14A0141C849C6E00A7FAA0 /* LaunchScreen.storyboard */; };
		9A14A0281C849C6E00A7FAA0 /* LaunchScreen.storyboard in Resources */ = {isa = PBXBuildFile; fileRef = 9A14A0141C849C6E00A7FAA0 /* LaunchScreen.storyboard */; };
		9A14A0291C849C6E00A7FAA0 /* Main.storyboard in Resources */ = {isa = PBXBuildFile; fileRef = 9A14A0161C849C6E00A7FAA0 /* Main.storyboard */; };
		9A14A02A1C849C6E00A7FAA0 /* Main.storyboard in Resources */ = {isa = PBXBuildFile; fileRef = 9A14A0161C849C6E00A7FAA0 /* Main.storyboard */; };
		9A14A02B1C849C6E00A7FAA0 /* Main.storyboard in Resources */ = {isa = PBXBuildFile; fileRef = 9A14A0161C849C6E00A7FAA0 /* Main.storyboard */; };
		9A14A02C1C849C6E00A7FAA0 /* Info.plist in Resources */ = {isa = PBXBuildFile; fileRef = 9A14A0181C849C6E00A7FAA0 /* Info.plist */; };
		9A14A02D1C849C6E00A7FAA0 /* Info.plist in Resources */ = {isa = PBXBuildFile; fileRef = 9A14A0181C849C6E00A7FAA0 /* Info.plist */; };
		9A14A02E1C849C6E00A7FAA0 /* Info.plist in Resources */ = {isa = PBXBuildFile; fileRef = 9A14A0181C849C6E00A7FAA0 /* Info.plist */; };
		9A14A02F1C849C6E00A7FAA0 /* main.m in Sources */ = {isa = PBXBuildFile; fileRef = 9A14A0191C849C6E00A7FAA0 /* main.m */; };
		9A14A0301C849C6E00A7FAA0 /* main.m in Sources */ = {isa = PBXBuildFile; fileRef = 9A14A0191C849C6E00A7FAA0 /* main.m */; };
		9A14A0311C849C6E00A7FAA0 /* main.m in Sources */ = {isa = PBXBuildFile; fileRef = 9A14A0191C849C6E00A7FAA0 /* main.m */; };
		9A14A0321C849C6E00A7FAA0 /* OCCommon.xcdatamodeld in Sources */ = {isa = PBXBuildFile; fileRef = 9A14A01A1C849C6E00A7FAA0 /* OCCommon.xcdatamodeld */; };
		9A14A0331C849C6E00A7FAA0 /* OCCommon.xcdatamodeld in Sources */ = {isa = PBXBuildFile; fileRef = 9A14A01A1C849C6E00A7FAA0 /* OCCommon.xcdatamodeld */; };
		9A14A0341C849C6E00A7FAA0 /* OCCommon.xcdatamodeld in Sources */ = {isa = PBXBuildFile; fileRef = 9A14A01A1C849C6E00A7FAA0 /* OCCommon.xcdatamodeld */; };
		9A57433E1C84BA1200FE37F0 /* UIView+Extension.m in Sources */ = {isa = PBXBuildFile; fileRef = 9A57433D1C84BA1200FE37F0 /* UIView+Extension.m */; };
		9A57433F1C84BA1200FE37F0 /* UIView+Extension.m in Sources */ = {isa = PBXBuildFile; fileRef = 9A57433D1C84BA1200FE37F0 /* UIView+Extension.m */; };
		9A5743401C84BA1200FE37F0 /* UIView+Extension.m in Sources */ = {isa = PBXBuildFile; fileRef = 9A57433D1C84BA1200FE37F0 /* UIView+Extension.m */; };
		9ADC88C01C85104000CEE59C /* BaseNavigationController.m in Sources */ = {isa = PBXBuildFile; fileRef = 9ADC88BB1C85104000CEE59C /* BaseNavigationController.m */; };
		9ADC88C11C85104000CEE59C /* BaseNavigationController.m in Sources */ = {isa = PBXBuildFile; fileRef = 9ADC88BB1C85104000CEE59C /* BaseNavigationController.m */; };
		9ADC88C21C85104000CEE59C /* BaseNavigationController.m in Sources */ = {isa = PBXBuildFile; fileRef = 9ADC88BB1C85104000CEE59C /* BaseNavigationController.m */; };
		9ADC88C31C85104000CEE59C /* BaseTabBarController.m in Sources */ = {isa = PBXBuildFile; fileRef = 9ADC88BD1C85104000CEE59C /* BaseTabBarController.m */; };
		9ADC88C41C85104000CEE59C /* BaseTabBarController.m in Sources */ = {isa = PBXBuildFile; fileRef = 9ADC88BD1C85104000CEE59C /* BaseTabBarController.m */; };
		9ADC88C51C85104000CEE59C /* BaseTabBarController.m in Sources */ = {isa = PBXBuildFile; fileRef = 9ADC88BD1C85104000CEE59C /* BaseTabBarController.m */; };
		9ADC88C61C85104000CEE59C /* BaseViewController.m in Sources */ = {isa = PBXBuildFile; fileRef = 9ADC88BF1C85104000CEE59C /* BaseViewController.m */; };
		9ADC88C71C85104000CEE59C /* BaseViewController.m in Sources */ = {isa = PBXBuildFile; fileRef = 9ADC88BF1C85104000CEE59C /* BaseViewController.m */; };
		9ADC88C81C85104000CEE59C /* BaseViewController.m in Sources */ = {isa = PBXBuildFile; fileRef = 9ADC88BF1C85104000CEE59C /* BaseViewController.m */; };
		9ADC88D11C85125100CEE59C /* NSString+Emoji.m in Sources */ = {isa = PBXBuildFile; fileRef = 9ADC88D01C85125100CEE59C /* NSString+Emoji.m */; };
		9ADC88D21C85125100CEE59C /* NSString+Emoji.m in Sources */ = {isa = PBXBuildFile; fileRef = 9ADC88D01C85125100CEE59C /* NSString+Emoji.m */; };
		9ADC88D31C85125100CEE59C /* NSString+Emoji.m in Sources */ = {isa = PBXBuildFile; fileRef = 9ADC88D01C85125100CEE59C /* NSString+Emoji.m */; };
		9ADC88D81C8517C100CEE59C /* Foundation+LOG.m in Sources */ = {isa = PBXBuildFile; fileRef = 9ADC88D71C8517C100CEE59C /* Foundation+LOG.m */; };
		9ADC88D91C8517C100CEE59C /* Foundation+LOG.m in Sources */ = {isa = PBXBuildFile; fileRef = 9ADC88D71C8517C100CEE59C /* Foundation+LOG.m */; };
		9ADC88DA1C8517C100CEE59C /* Foundation+LOG.m in Sources */ = {isa = PBXBuildFile; fileRef = 9ADC88D71C8517C100CEE59C /* Foundation+LOG.m */; };
		9ADC88F31C85269C00CEE59C /* UIWindow+Extension.m in Sources */ = {isa = PBXBuildFile; fileRef = 9ADC88F21C85269C00CEE59C /* UIWindow+Extension.m */; };
		9ADC88F41C85269C00CEE59C /* UIWindow+Extension.m in Sources */ = {isa = PBXBuildFile; fileRef = 9ADC88F21C85269C00CEE59C /* UIWindow+Extension.m */; };
		9ADC88F51C85269C00CEE59C /* UIWindow+Extension.m in Sources */ = {isa = PBXBuildFile; fileRef = 9ADC88F21C85269C00CEE59C /* UIWindow+Extension.m */; };
/* End PBXBuildFile section */

/* Begin PBXContainerItemProxy section */
		9A149FEE1C849A0800A7FAA0 /* PBXContainerItemProxy */ = {
			isa = PBXContainerItemProxy;
			containerPortal = 9A149FC91C849A0800A7FAA0 /* Project object */;
			proxyType = 1;
			remoteGlobalIDString = 9A149FD01C849A0800A7FAA0;
			remoteInfo = OCCommon;
		};
		9A149FF91C849A0800A7FAA0 /* PBXContainerItemProxy */ = {
			isa = PBXContainerItemProxy;
			containerPortal = 9A149FC91C849A0800A7FAA0 /* Project object */;
			proxyType = 1;
			remoteGlobalIDString = 9A149FD01C849A0800A7FAA0;
			remoteInfo = OCCommon;
		};
/* End PBXContainerItemProxy section */

/* Begin PBXFileReference section */
		9A017A351C854D2300FE64D7 /* Singleton.h */ = {isa = PBXFileReference; fileEncoding = 4; lastKnownFileType = sourcecode.c.h; path = Singleton.h; sourceTree = "<group>"; };
		9A017A361C854D2300FE64D7 /* Singleton.m */ = {isa = PBXFileReference; fileEncoding = 4; lastKnownFileType = sourcecode.c.objc; path = Singleton.m; sourceTree = "<group>"; };
		9A017A421C85EE0100FE64D7 /* NSString+Hash.h */ = {isa = PBXFileReference; fileEncoding = 4; lastKnownFileType = sourcecode.c.h; path = "NSString+Hash.h"; sourceTree = "<group>"; };
		9A017A431C85EE0100FE64D7 /* NSString+Hash.m */ = {isa = PBXFileReference; fileEncoding = 4; lastKnownFileType = sourcecode.c.objc; path = "NSString+Hash.m"; sourceTree = "<group>"; };
		9A149FD11C849A0800A7FAA0 /* OCCommon.app */ = {isa = PBXFileReference; explicitFileType = wrapper.application; includeInIndex = 0; path = OCCommon.app; sourceTree = BUILT_PRODUCTS_DIR; };
		9A149FED1C849A0800A7FAA0 /* OCCommonTests.xctest */ = {isa = PBXFileReference; explicitFileType = wrapper.cfbundle; includeInIndex = 0; path = OCCommonTests.xctest; sourceTree = BUILT_PRODUCTS_DIR; };
		9A149FF11C849A0800A7FAA0 /* OCCommonTests.m */ = {isa = PBXFileReference; lastKnownFileType = sourcecode.c.objc; path = OCCommonTests.m; sourceTree = "<group>"; };
		9A149FF31C849A0800A7FAA0 /* Info.plist */ = {isa = PBXFileReference; lastKnownFileType = text.plist.xml; path = Info.plist; sourceTree = "<group>"; };
		9A149FF81C849A0800A7FAA0 /* OCCommonUITests.xctest */ = {isa = PBXFileReference; explicitFileType = wrapper.cfbundle; includeInIndex = 0; path = OCCommonUITests.xctest; sourceTree = BUILT_PRODUCTS_DIR; };
		9A149FFC1C849A0800A7FAA0 /* OCCommonUITests.m */ = {isa = PBXFileReference; lastKnownFileType = sourcecode.c.objc; path = OCCommonUITests.m; sourceTree = "<group>"; };
		9A149FFE1C849A0800A7FAA0 /* Info.plist */ = {isa = PBXFileReference; lastKnownFileType = text.plist.xml; path = Info.plist; sourceTree = "<group>"; };
		9A14A00B1C849C6E00A7FAA0 /* AppDelegate.h */ = {isa = PBXFileReference; fileEncoding = 4; lastKnownFileType = sourcecode.c.h; path = AppDelegate.h; sourceTree = "<group>"; };
		9A14A00C1C849C6E00A7FAA0 /* AppDelegate.m */ = {isa = PBXFileReference; fileEncoding = 4; lastKnownFileType = sourcecode.c.objc; path = AppDelegate.m; sourceTree = "<group>"; };
		9A14A00E1C849C6E00A7FAA0 /* ViewController.h */ = {isa = PBXFileReference; fileEncoding = 4; lastKnownFileType = sourcecode.c.h; path = ViewController.h; sourceTree = "<group>"; };
		9A14A00F1C849C6E00A7FAA0 /* ViewController.m */ = {isa = PBXFileReference; fileEncoding = 4; lastKnownFileType = sourcecode.c.objc; path = ViewController.m; sourceTree = "<group>"; };
		9A14A0131C849C6E00A7FAA0 /* Assets.xcassets */ = {isa = PBXFileReference; lastKnownFileType = folder.assetcatalog; path = Assets.xcassets; sourceTree = "<group>"; };
		9A14A0151C849C6E00A7FAA0 /* Base */ = {isa = PBXFileReference; lastKnownFileType = file.storyboard; name = Base; path = Base.lproj/LaunchScreen.storyboard; sourceTree = "<group>"; };
		9A14A0171C849C6E00A7FAA0 /* Base */ = {isa = PBXFileReference; lastKnownFileType = file.storyboard; name = Base; path = Base.lproj/Main.storyboard; sourceTree = "<group>"; };
		9A14A0181C849C6E00A7FAA0 /* Info.plist */ = {isa = PBXFileReference; fileEncoding = 4; lastKnownFileType = text.plist.xml; path = Info.plist; sourceTree = "<group>"; };
		9A14A0191C849C6E00A7FAA0 /* main.m */ = {isa = PBXFileReference; fileEncoding = 4; lastKnownFileType = sourcecode.c.objc; path = main.m; sourceTree = "<group>"; };
		9A14A01B1C849C6E00A7FAA0 /* OCCommon.xcdatamodel */ = {isa = PBXFileReference; lastKnownFileType = wrapper.xcdatamodel; path = OCCommon.xcdatamodel; sourceTree = "<group>"; };
		9A14A0361C849CFA00A7FAA0 /* PrefixHeader.pch */ = {isa = PBXFileReference; fileEncoding = 4; lastKnownFileType = sourcecode.c.h; path = PrefixHeader.pch; sourceTree = "<group>"; };
		9A57433C1C84BA1200FE37F0 /* UIView+Extension.h */ = {isa = PBXFileReference; fileEncoding = 4; lastKnownFileType = sourcecode.c.h; path = "UIView+Extension.h"; sourceTree = "<group>"; };
		9A57433D1C84BA1200FE37F0 /* UIView+Extension.m */ = {isa = PBXFileReference; fileEncoding = 4; lastKnownFileType = sourcecode.c.objc; path = "UIView+Extension.m"; sourceTree = "<group>"; };
		9ADC88BA1C85104000CEE59C /* BaseNavigationController.h */ = {isa = PBXFileReference; fileEncoding = 4; lastKnownFileType = sourcecode.c.h; path = BaseNavigationController.h; sourceTree = "<group>"; };
		9ADC88BB1C85104000CEE59C /* BaseNavigationController.m */ = {isa = PBXFileReference; fileEncoding = 4; lastKnownFileType = sourcecode.c.objc; path = BaseNavigationController.m; sourceTree = "<group>"; };
		9ADC88BC1C85104000CEE59C /* BaseTabBarController.h */ = {isa = PBXFileReference; fileEncoding = 4; lastKnownFileType = sourcecode.c.h; path = BaseTabBarController.h; sourceTree = "<group>"; };
		9ADC88BD1C85104000CEE59C /* BaseTabBarController.m */ = {isa = PBXFileReference; fileEncoding = 4; lastKnownFileType = sourcecode.c.objc; path = BaseTabBarController.m; sourceTree = "<group>"; };
		9ADC88BE1C85104000CEE59C /* BaseViewController.h */ = {isa = PBXFileReference; fileEncoding = 4; lastKnownFileType = sourcecode.c.h; path = BaseViewController.h; sourceTree = "<group>"; };
		9ADC88BF1C85104000CEE59C /* BaseViewController.m */ = {isa = PBXFileReference; fileEncoding = 4; lastKnownFileType = sourcecode.c.objc; path = BaseViewController.m; sourceTree = "<group>"; };
		9ADC88CF1C85125100CEE59C /* NSString+Emoji.h */ = {isa = PBXFileReference; fileEncoding = 4; lastKnownFileType = sourcecode.c.h; path = "NSString+Emoji.h"; sourceTree = "<group>"; };
		9ADC88D01C85125100CEE59C /* NSString+Emoji.m */ = {isa = PBXFileReference; fileEncoding = 4; lastKnownFileType = sourcecode.c.objc; path = "NSString+Emoji.m"; sourceTree = "<group>"; };
		9ADC88D71C8517C100CEE59C /* Foundation+LOG.m */ = {isa = PBXFileReference; fileEncoding = 4; lastKnownFileType = sourcecode.c.objc; path = "Foundation+LOG.m"; sourceTree = "<group>"; };
		9ADC88F11C85269C00CEE59C /* UIWindow+Extension.h */ = {isa = PBXFileReference; fileEncoding = 4; lastKnownFileType = sourcecode.c.h; path = "UIWindow+Extension.h"; sourceTree = "<group>"; };
		9ADC88F21C85269C00CEE59C /* UIWindow+Extension.m */ = {isa = PBXFileReference; fileEncoding = 4; lastKnownFileType = sourcecode.c.objc; path = "UIWindow+Extension.m"; sourceTree = "<group>"; };
		9ADC88F71C8527B400CEE59C /* CodeBlock.h */ = {isa = PBXFileReference; fileEncoding = 4; lastKnownFileType = sourcecode.c.h; path = CodeBlock.h; sourceTree = "<group>"; };
/* End PBXFileReference section */

/* Begin PBXFrameworksBuildPhase section */
		9A149FCE1C849A0800A7FAA0 /* Frameworks */ = {
			isa = PBXFrameworksBuildPhase;
			buildActionMask = 2147483647;
			files = (
			);
			runOnlyForDeploymentPostprocessing = 0;
		};
		9A149FEA1C849A0800A7FAA0 /* Frameworks */ = {
			isa = PBXFrameworksBuildPhase;
			buildActionMask = 2147483647;
			files = (
			);
			runOnlyForDeploymentPostprocessing = 0;
		};
		9A149FF51C849A0800A7FAA0 /* Frameworks */ = {
			isa = PBXFrameworksBuildPhase;
			buildActionMask = 2147483647;
			files = (
			);
			runOnlyForDeploymentPostprocessing = 0;
		};
/* End PBXFrameworksBuildPhase section */

/* Begin PBXGroup section */
		9A017A341C854CF200FE64D7 /* Singleton */ = {
			isa = PBXGroup;
			children = (
				9A017A351C854D2300FE64D7 /* Singleton.h */,
				9A017A361C854D2300FE64D7 /* Singleton.m */,
			);
			name = Singleton;
			path = ../../../Singleton;
			sourceTree = "<group>";
		};
		9A149FC81C849A0800A7FAA0 = {
			isa = PBXGroup;
			children = (
				9A149FD31C849A0800A7FAA0 /* OCCommon */,
				9A149FF01C849A0800A7FAA0 /* OCCommonTests */,
				9A149FFB1C849A0800A7FAA0 /* OCCommonUITests */,
				9A149FD21C849A0800A7FAA0 /* Products */,
			);
			sourceTree = "<group>";
		};
		9A149FD21C849A0800A7FAA0 /* Products */ = {
			isa = PBXGroup;
			children = (
				9A149FD11C849A0800A7FAA0 /* OCCommon.app */,
				9A149FED1C849A0800A7FAA0 /* OCCommonTests.xctest */,
				9A149FF81C849A0800A7FAA0 /* OCCommonUITests.xctest */,
			);
			name = Products;
			sourceTree = "<group>";
		};
		9A149FD31C849A0800A7FAA0 /* OCCommon */ = {
			isa = PBXGroup;
			children = (
				9A14A00A1C849C6E00A7FAA0 /* Application */,
				9A14A00D1C849C6E00A7FAA0 /* Controller */,
				9A14A0101C849C6E00A7FAA0 /* Model */,
				9A14A01C1C849C6E00A7FAA0 /* View */,
				9A14A0111C849C6E00A7FAA0 /* Other */,
				9A14A0121C849C6E00A7FAA0 /* Supporting Files */,
				9A14A0361C849CFA00A7FAA0 /* PrefixHeader.pch */,
			);
			path = OCCommon;
			sourceTree = "<group>";
		};
		9A149FF01C849A0800A7FAA0 /* OCCommonTests */ = {
			isa = PBXGroup;
			children = (
				9A149FF11C849A0800A7FAA0 /* OCCommonTests.m */,
				9A149FF31C849A0800A7FAA0 /* Info.plist */,
			);
			path = OCCommonTests;
			sourceTree = "<group>";
		};
		9A149FFB1C849A0800A7FAA0 /* OCCommonUITests */ = {
			isa = PBXGroup;
			children = (
				9A149FFC1C849A0800A7FAA0 /* OCCommonUITests.m */,
				9A149FFE1C849A0800A7FAA0 /* Info.plist */,
			);
			path = OCCommonUITests;
			sourceTree = "<group>";
		};
		9A14A00A1C849C6E00A7FAA0 /* Application */ = {
			isa = PBXGroup;
			children = (
				9A14A00B1C849C6E00A7FAA0 /* AppDelegate.h */,
				9A14A00C1C849C6E00A7FAA0 /* AppDelegate.m */,
			);
			path = Application;
			sourceTree = "<group>";
		};
		9A14A00D1C849C6E00A7FAA0 /* Controller */ = {
			isa = PBXGroup;
			children = (
				9ADC88B91C85104000CEE59C /* BaseController+ */,
				9A14A00E1C849C6E00A7FAA0 /* ViewController.h */,
				9A14A00F1C849C6E00A7FAA0 /* ViewController.m */,
			);
			path = Controller;
			sourceTree = "<group>";
		};
		9A14A0101C849C6E00A7FAA0 /* Model */ = {
			isa = PBXGroup;
			children = (
				9A017A341C854CF200FE64D7 /* Singleton */,
			);
			path = Model;
			sourceTree = "<group>";
		};
		9A14A0111C849C6E00A7FAA0 /* Other */ = {
			isa = PBXGroup;
			children = (
				9ADC88F61C8527B400CEE59C /* CodeBlock+ */,
				9ADC88D51C8514AB00CEE59C /* Foundation+ */,
				9ADC88D41C85149500CEE59C /* UIWindow+ */,
				9ADC88C91C85120B00CEE59C /* NSSting+ */,
				9A57433B1C84BA1200FE37F0 /* UIView+ */,
			);
			path = Other;
			sourceTree = "<group>";
		};
		9A14A0121C849C6E00A7FAA0 /* Supporting Files */ = {
			isa = PBXGroup;
			children = (
				9A14A0131C849C6E00A7FAA0 /* Assets.xcassets */,
				9A14A0141C849C6E00A7FAA0 /* LaunchScreen.storyboard */,
				9A14A0161C849C6E00A7FAA0 /* Main.storyboard */,
				9A14A0181C849C6E00A7FAA0 /* Info.plist */,
				9A14A0191C849C6E00A7FAA0 /* main.m */,
				9A14A01A1C849C6E00A7FAA0 /* OCCommon.xcdatamodeld */,
			);
			path = "Supporting Files";
			sourceTree = "<group>";
		};
		9A14A01C1C849C6E00A7FAA0 /* View */ = {
			isa = PBXGroup;
			children = (
			);
			path = View;
			sourceTree = "<group>";
		};
		9A57433B1C84BA1200FE37F0 /* UIView+ */ = {
			isa = PBXGroup;
			children = (
				9A57433C1C84BA1200FE37F0 /* UIView+Extension.h */,
				9A57433D1C84BA1200FE37F0 /* UIView+Extension.m */,
			);
			name = "UIView+";
			path = "../../../UIView+";
			sourceTree = "<group>";
		};
		9ADC88B91C85104000CEE59C /* BaseController+ */ = {
			isa = PBXGroup;
			children = (
				9ADC88BA1C85104000CEE59C /* BaseNavigationController.h */,
				9ADC88BB1C85104000CEE59C /* BaseNavigationController.m */,
				9ADC88BC1C85104000CEE59C /* BaseTabBarController.h */,
				9ADC88BD1C85104000CEE59C /* BaseTabBarController.m */,
				9ADC88BE1C85104000CEE59C /* BaseViewController.h */,
				9ADC88BF1C85104000CEE59C /* BaseViewController.m */,
			);
			name = "BaseController+";
			path = "../../../BaseController+";
			sourceTree = "<group>";
		};
		9ADC88C91C85120B00CEE59C /* NSSting+ */ = {
			isa = PBXGroup;
			children = (
				9ADC88CF1C85125100CEE59C /* NSString+Emoji.h */,
				9ADC88D01C85125100CEE59C /* NSString+Emoji.m */,
				9A017A421C85EE0100FE64D7 /* NSString+Hash.h */,
				9A017A431C85EE0100FE64D7 /* NSString+Hash.m */,
			);
			name = "NSSting+";
			path = "../../../NSSting+";
			sourceTree = "<group>";
		};
		9ADC88D41C85149500CEE59C /* UIWindow+ */ = {
			isa = PBXGroup;
			children = (
				9ADC88F11C85269C00CEE59C /* UIWindow+Extension.h */,
				9ADC88F21C85269C00CEE59C /* UIWindow+Extension.m */,
			);
			name = "UIWindow+";
			path = "../../../UIWindow+";
			sourceTree = "<group>";
		};
		9ADC88D51C8514AB00CEE59C /* Foundation+ */ = {
			isa = PBXGroup;
			children = (
				9ADC88D71C8517C100CEE59C /* Foundation+LOG.m */,
			);
			name = "Foundation+";
			path = "../../../Foundation+";
			sourceTree = "<group>";
		};
		9ADC88F61C8527B400CEE59C /* CodeBlock+ */ = {
			isa = PBXGroup;
			children = (
				9ADC88F71C8527B400CEE59C /* CodeBlock.h */,
			);
			name = "CodeBlock+";
			path = "../../../CodeBlock+";
			sourceTree = "<group>";
		};
/* End PBXGroup section */

/* Begin PBXNativeTarget section */
		9A149FD01C849A0800A7FAA0 /* OCCommon */ = {
			isa = PBXNativeTarget;
			buildConfigurationList = 9A14A0011C849A0800A7FAA0 /* Build configuration list for PBXNativeTarget "OCCommon" */;
			buildPhases = (
				9A149FCD1C849A0800A7FAA0 /* Sources */,
				9A149FCE1C849A0800A7FAA0 /* Frameworks */,
				9A149FCF1C849A0800A7FAA0 /* Resources */,
			);
			buildRules = (
			);
			dependencies = (
			);
			name = OCCommon;
			productName = OCCommon;
			productReference = 9A149FD11C849A0800A7FAA0 /* OCCommon.app */;
			productType = "com.apple.product-type.application";
		};
		9A149FEC1C849A0800A7FAA0 /* OCCommonTests */ = {
			isa = PBXNativeTarget;
			buildConfigurationList = 9A14A0041C849A0800A7FAA0 /* Build configuration list for PBXNativeTarget "OCCommonTests" */;
			buildPhases = (
				9A149FE91C849A0800A7FAA0 /* Sources */,
				9A149FEA1C849A0800A7FAA0 /* Frameworks */,
				9A149FEB1C849A0800A7FAA0 /* Resources */,
			);
			buildRules = (
			);
			dependencies = (
				9A149FEF1C849A0800A7FAA0 /* PBXTargetDependency */,
			);
			name = OCCommonTests;
			productName = OCCommonTests;
			productReference = 9A149FED1C849A0800A7FAA0 /* OCCommonTests.xctest */;
			productType = "com.apple.product-type.bundle.unit-test";
		};
		9A149FF71C849A0800A7FAA0 /* OCCommonUITests */ = {
			isa = PBXNativeTarget;
			buildConfigurationList = 9A14A0071C849A0800A7FAA0 /* Build configuration list for PBXNativeTarget "OCCommonUITests" */;
			buildPhases = (
				9A149FF41C849A0800A7FAA0 /* Sources */,
				9A149FF51C849A0800A7FAA0 /* Frameworks */,
				9A149FF61C849A0800A7FAA0 /* Resources */,
			);
			buildRules = (
			);
			dependencies = (
				9A149FFA1C849A0800A7FAA0 /* PBXTargetDependency */,
			);
			name = OCCommonUITests;
			productName = OCCommonUITests;
			productReference = 9A149FF81C849A0800A7FAA0 /* OCCommonUITests.xctest */;
			productType = "com.apple.product-type.bundle.ui-testing";
		};
/* End PBXNativeTarget section */

/* Begin PBXProject section */
		9A149FC91C849A0800A7FAA0 /* Project object */ = {
			isa = PBXProject;
			attributes = {
				LastUpgradeCheck = 0720;
				ORGANIZATIONNAME = RJ;
				TargetAttributes = {
					9A149FD01C849A0800A7FAA0 = {
						CreatedOnToolsVersion = 7.2.1;
					};
					9A149FEC1C849A0800A7FAA0 = {
						CreatedOnToolsVersion = 7.2.1;
						TestTargetID = 9A149FD01C849A0800A7FAA0;
					};
					9A149FF71C849A0800A7FAA0 = {
						CreatedOnToolsVersion = 7.2.1;
						TestTargetID = 9A149FD01C849A0800A7FAA0;
					};
				};
			};
			buildConfigurationList = 9A149FCC1C849A0800A7FAA0 /* Build configuration list for PBXProject "OCCommon" */;
			compatibilityVersion = "Xcode 3.2";
			developmentRegion = English;
			hasScannedForEncodings = 0;
			knownRegions = (
				en,
				Base,
			);
			mainGroup = 9A149FC81C849A0800A7FAA0;
			productRefGroup = 9A149FD21C849A0800A7FAA0 /* Products */;
			projectDirPath = "";
			projectRoot = "";
			targets = (
				9A149FD01C849A0800A7FAA0 /* OCCommon */,
				9A149FEC1C849A0800A7FAA0 /* OCCommonTests */,
				9A149FF71C849A0800A7FAA0 /* OCCommonUITests */,
			);
		};
/* End PBXProject section */

/* Begin PBXResourcesBuildPhase section */
		9A149FCF1C849A0800A7FAA0 /* Resources */ = {
			isa = PBXResourcesBuildPhase;
			buildActionMask = 2147483647;
			files = (
				9A14A02C1C849C6E00A7FAA0 /* Info.plist in Resources */,
				9A14A0291C849C6E00A7FAA0 /* Main.storyboard in Resources */,
				9A14A0231C849C6E00A7FAA0 /* Assets.xcassets in Resources */,
				9A14A0261C849C6E00A7FAA0 /* LaunchScreen.storyboard in Resources */,
			);
			runOnlyForDeploymentPostprocessing = 0;
		};
		9A149FEB1C849A0800A7FAA0 /* Resources */ = {
			isa = PBXResourcesBuildPhase;
			buildActionMask = 2147483647;
			files = (
				9A14A02D1C849C6E00A7FAA0 /* Info.plist in Resources */,
				9A14A02A1C849C6E00A7FAA0 /* Main.storyboard in Resources */,
				9A14A0241C849C6E00A7FAA0 /* Assets.xcassets in Resources */,
				9A14A0271C849C6E00A7FAA0 /* LaunchScreen.storyboard in Resources */,
			);
			runOnlyForDeploymentPostprocessing = 0;
		};
		9A149FF61C849A0800A7FAA0 /* Resources */ = {
			isa = PBXResourcesBuildPhase;
			buildActionMask = 2147483647;
			files = (
				9A14A02E1C849C6E00A7FAA0 /* Info.plist in Resources */,
				9A14A02B1C849C6E00A7FAA0 /* Main.storyboard in Resources */,
				9A14A0251C849C6E00A7FAA0 /* Assets.xcassets in Resources */,
				9A14A0281C849C6E00A7FAA0 /* LaunchScreen.storyboard in Resources */,
			);
			runOnlyForDeploymentPostprocessing = 0;
		};
/* End PBXResourcesBuildPhase section */

/* Begin PBXSourcesBuildPhase section */
		9A149FCD1C849A0800A7FAA0 /* Sources */ = {
			isa = PBXSourcesBuildPhase;
			buildActionMask = 2147483647;
			files = (
				9ADC88D11C85125100CEE59C /* NSString+Emoji.m in Sources */,
				9ADC88F31C85269C00CEE59C /* UIWindow+Extension.m in Sources */,
				9A57433E1C84BA1200FE37F0 /* UIView+Extension.m in Sources */,
				9ADC88C61C85104000CEE59C /* BaseViewController.m in Sources */,
				9ADC88D81C8517C100CEE59C /* Foundation+LOG.m in Sources */,
				9ADC88C31C85104000CEE59C /* BaseTabBarController.m in Sources */,
				9A017A441C85EE0100FE64D7 /* NSString+Hash.m in Sources */,
				9A14A0321C849C6E00A7FAA0 /* OCCommon.xcdatamodeld in Sources */,
				9ADC88C01C85104000CEE59C /* BaseNavigationController.m in Sources */,
				9A14A0201C849C6E00A7FAA0 /* ViewController.m in Sources */,
				9A017A371C854D2300FE64D7 /* Singleton.m in Sources */,
				9A14A02F1C849C6E00A7FAA0 /* main.m in Sources */,
				9A14A01D1C849C6E00A7FAA0 /* AppDelegate.m in Sources */,
			);
			runOnlyForDeploymentPostprocessing = 0;
		};
		9A149FE91C849A0800A7FAA0 /* Sources */ = {
			isa = PBXSourcesBuildPhase;
			buildActionMask = 2147483647;
			files = (
				9A017A381C854D2300FE64D7 /* Singleton.m in Sources */,
				9ADC88F41C85269C00CEE59C /* UIWindow+Extension.m in Sources */,
				9A57433F1C84BA1200FE37F0 /* UIView+Extension.m in Sources */,
				9ADC88C71C85104000CEE59C /* BaseViewController.m in Sources */,
				9ADC88C11C85104000CEE59C /* BaseNavigationController.m in Sources */,
				9ADC88D21C85125100CEE59C /* NSString+Emoji.m in Sources */,
				9A14A0211C849C6E00A7FAA0 /* ViewController.m in Sources */,
				9A14A01E1C849C6E00A7FAA0 /* AppDelegate.m in Sources */,
				9ADC88D91C8517C100CEE59C /* Foundation+LOG.m in Sources */,
				9ADC88C41C85104000CEE59C /* BaseTabBarController.m in Sources */,
				9A14A0331C849C6E00A7FAA0 /* OCCommon.xcdatamodeld in Sources */,
				9A14A0301C849C6E00A7FAA0 /* main.m in Sources */,
				9A017A451C85EE0100FE64D7 /* NSString+Hash.m in Sources */,
				9A149FF21C849A0800A7FAA0 /* OCCommonTests.m in Sources */,
			);
			runOnlyForDeploymentPostprocessing = 0;
		};
		9A149FF41C849A0800A7FAA0 /* Sources */ = {
			isa = PBXSourcesBuildPhase;
			buildActionMask = 2147483647;
			files = (
				9A017A391C854D2300FE64D7 /* Singleton.m in Sources */,
				9ADC88F51C85269C00CEE59C /* UIWindow+Extension.m in Sources */,
				9A5743401C84BA1200FE37F0 /* UIView+Extension.m in Sources */,
				9ADC88C81C85104000CEE59C /* BaseViewController.m in Sources */,
				9ADC88C21C85104000CEE59C /* BaseNavigationController.m in Sources */,
				9ADC88D31C85125100CEE59C /* NSString+Emoji.m in Sources */,
				9A14A0221C849C6E00A7FAA0 /* ViewController.m in Sources */,
				9A14A01F1C849C6E00A7FAA0 /* AppDelegate.m in Sources */,
				9ADC88DA1C8517C100CEE59C /* Foundation+LOG.m in Sources */,
				9ADC88C51C85104000CEE59C /* BaseTabBarController.m in Sources */,
				9A14A0341C849C6E00A7FAA0 /* OCCommon.xcdatamodeld in Sources */,
				9A14A0311C849C6E00A7FAA0 /* main.m in Sources */,
				9A017A461C85EE0100FE64D7 /* NSString+Hash.m in Sources */,
				9A149FFD1C849A0800A7FAA0 /* OCCommonUITests.m in Sources */,
			);
			runOnlyForDeploymentPostprocessing = 0;
		};
/* End PBXSourcesBuildPhase section */

/* Begin PBXTargetDependency section */
		9A149FEF1C849A0800A7FAA0 /* PBXTargetDependency */ = {
			isa = PBXTargetDependency;
			target = 9A149FD01C849A0800A7FAA0 /* OCCommon */;
			targetProxy = 9A149FEE1C849A0800A7FAA0 /* PBXContainerItemProxy */;
		};
		9A149FFA1C849A0800A7FAA0 /* PBXTargetDependency */ = {
			isa = PBXTargetDependency;
			target = 9A149FD01C849A0800A7FAA0 /* OCCommon */;
			targetProxy = 9A149FF91C849A0800A7FAA0 /* PBXContainerItemProxy */;
		};
/* End PBXTargetDependency section */

/* Begin PBXVariantGroup section */
		9A14A0141C849C6E00A7FAA0 /* LaunchScreen.storyboard */ = {
			isa = PBXVariantGroup;
			children = (
				9A14A0151C849C6E00A7FAA0 /* Base */,
			);
			name = LaunchScreen.storyboard;
			sourceTree = "<group>";
		};
		9A14A0161C849C6E00A7FAA0 /* Main.storyboard */ = {
			isa = PBXVariantGroup;
			children = (
				9A14A0171C849C6E00A7FAA0 /* Base */,
			);
			name = Main.storyboard;
			sourceTree = "<group>";
		};
/* End PBXVariantGroup section */

/* Begin XCBuildConfiguration section */
		9A149FFF1C849A0800A7FAA0 /* Debug */ = {
			isa = XCBuildConfiguration;
			buildSettings = {
				ALWAYS_SEARCH_USER_PATHS = NO;
				CLANG_CXX_LANGUAGE_STANDARD = "gnu++0x";
				CLANG_CXX_LIBRARY = "libc++";
				CLANG_ENABLE_MODULES = YES;
				CLANG_ENABLE_OBJC_ARC = YES;
				CLANG_WARN_BOOL_CONVERSION = YES;
				CLANG_WARN_CONSTANT_CONVERSION = YES;
				CLANG_WARN_DIRECT_OBJC_ISA_USAGE = YES_ERROR;
				CLANG_WARN_EMPTY_BODY = YES;
				CLANG_WARN_ENUM_CONVERSION = YES;
				CLANG_WARN_INT_CONVERSION = YES;
				CLANG_WARN_OBJC_ROOT_CLASS = YES_ERROR;
				CLANG_WARN_UNREACHABLE_CODE = YES;
				CLANG_WARN__DUPLICATE_METHOD_MATCH = YES;
				"CODE_SIGN_IDENTITY[sdk=iphoneos*]" = "iPhone Developer";
				COPY_PHASE_STRIP = NO;
				DEBUG_INFORMATION_FORMAT = dwarf;
				ENABLE_STRICT_OBJC_MSGSEND = YES;
				ENABLE_TESTABILITY = YES;
				GCC_C_LANGUAGE_STANDARD = gnu99;
				GCC_DYNAMIC_NO_PIC = NO;
				GCC_NO_COMMON_BLOCKS = YES;
				GCC_OPTIMIZATION_LEVEL = 0;
				GCC_PREPROCESSOR_DEFINITIONS = (
					"DEBUG=1",
					"$(inherited)",
				);
				GCC_WARN_64_TO_32_BIT_CONVERSION = YES;
				GCC_WARN_ABOUT_RETURN_TYPE = YES_ERROR;
				GCC_WARN_UNDECLARED_SELECTOR = YES;
				GCC_WARN_UNINITIALIZED_AUTOS = YES_AGGRESSIVE;
				GCC_WARN_UNUSED_FUNCTION = YES;
				GCC_WARN_UNUSED_VARIABLE = YES;
				IPHONEOS_DEPLOYMENT_TARGET = 9.2;
				MTL_ENABLE_DEBUG_INFO = YES;
				ONLY_ACTIVE_ARCH = YES;
				SDKROOT = iphoneos;
			};
			name = Debug;
		};
		9A14A0001C849A0800A7FAA0 /* Release */ = {
			isa = XCBuildConfiguration;
			buildSettings = {
				ALWAYS_SEARCH_USER_PATHS = NO;
				CLANG_CXX_LANGUAGE_STANDARD = "gnu++0x";
				CLANG_CXX_LIBRARY = "libc++";
				CLANG_ENABLE_MODULES = YES;
				CLANG_ENABLE_OBJC_ARC = YES;
				CLANG_WARN_BOOL_CONVERSION = YES;
				CLANG_WARN_CONSTANT_CONVERSION = YES;
				CLANG_WARN_DIRECT_OBJC_ISA_USAGE = YES_ERROR;
				CLANG_WARN_EMPTY_BODY = YES;
				CLANG_WARN_ENUM_CONVERSION = YES;
				CLANG_WARN_INT_CONVERSION = YES;
				CLANG_WARN_OBJC_ROOT_CLASS = YES_ERROR;
				CLANG_WARN_UNREACHABLE_CODE = YES;
				CLANG_WARN__DUPLICATE_METHOD_MATCH = YES;
				"CODE_SIGN_IDENTITY[sdk=iphoneos*]" = "iPhone Developer";
				COPY_PHASE_STRIP = NO;
				DEBUG_INFORMATION_FORMAT = "dwarf-with-dsym";
				ENABLE_NS_ASSERTIONS = NO;
				ENABLE_STRICT_OBJC_MSGSEND = YES;
				GCC_C_LANGUAGE_STANDARD = gnu99;
				GCC_NO_COMMON_BLOCKS = YES;
				GCC_WARN_64_TO_32_BIT_CONVERSION = YES;
				GCC_WARN_ABOUT_RETURN_TYPE = YES_ERROR;
				GCC_WARN_UNDECLARED_SELECTOR = YES;
				GCC_WARN_UNINITIALIZED_AUTOS = YES_AGGRESSIVE;
				GCC_WARN_UNUSED_FUNCTION = YES;
				GCC_WARN_UNUSED_VARIABLE = YES;
				IPHONEOS_DEPLOYMENT_TARGET = 9.2;
				MTL_ENABLE_DEBUG_INFO = NO;
				SDKROOT = iphoneos;
				VALIDATE_PRODUCT = YES;
			};
			name = Release;
		};
		9A14A0021C849A0800A7FAA0 /* Debug */ = {
			isa = XCBuildConfiguration;
			buildSettings = {
				ASSETCATALOG_COMPILER_APPICON_NAME = AppIcon;
				GCC_PREFIX_HEADER = OCCommon/PrefixHeader.pch;
				INFOPLIST_FILE = "$(SRCROOT)/OCCommon/Supporting Files/Info.plist";
				LD_RUNPATH_SEARCH_PATHS = "$(inherited) @executable_path/Frameworks";
				PRODUCT_BUNDLE_IDENTIFIER = com.yihongmingfeng.OCCommon;
				PRODUCT_NAME = "$(TARGET_NAME)";
			};
			name = Debug;
		};
		9A14A0031C849A0800A7FAA0 /* Release */ = {
			isa = XCBuildConfiguration;
			buildSettings = {
				ASSETCATALOG_COMPILER_APPICON_NAME = AppIcon;
				GCC_PREFIX_HEADER = OCCommon/PrefixHeader.pch;
				INFOPLIST_FILE = "$(SRCROOT)/OCCommon/Supporting Files/Info.plist";
				LD_RUNPATH_SEARCH_PATHS = "$(inherited) @executable_path/Frameworks";
				PRODUCT_BUNDLE_IDENTIFIER = com.yihongmingfeng.OCCommon;
				PRODUCT_NAME = "$(TARGET_NAME)";
			};
			name = Release;
		};
		9A14A0051C849A0800A7FAA0 /* Debug */ = {
			isa = XCBuildConfiguration;
			buildSettings = {
				BUNDLE_LOADER = "$(TEST_HOST)";
				INFOPLIST_FILE = OCCommonTests/Info.plist;
				LD_RUNPATH_SEARCH_PATHS = "$(inherited) @executable_path/Frameworks @loader_path/Frameworks";
				PRODUCT_BUNDLE_IDENTIFIER = com.yihongmingfeng.OCCommonTests;
				PRODUCT_NAME = "$(TARGET_NAME)";
				TEST_HOST = "$(BUILT_PRODUCTS_DIR)/OCCommon.app/OCCommon";
			};
			name = Debug;
		};
		9A14A0061C849A0800A7FAA0 /* Release */ = {
			isa = XCBuildConfiguration;
			buildSettings = {
				BUNDLE_LOADER = "$(TEST_HOST)";
				INFOPLIST_FILE = OCCommonTests/Info.plist;
				LD_RUNPATH_SEARCH_PATHS = "$(inherited) @executable_path/Frameworks @loader_path/Frameworks";
				PRODUCT_BUNDLE_IDENTIFIER = com.yihongmingfeng.OCCommonTests;
				PRODUCT_NAME = "$(TARGET_NAME)";
				TEST_HOST = "$(BUILT_PRODUCTS_DIR)/OCCommon.app/OCCommon";
			};
			name = Release;
		};
		9A14A0081C849A0800A7FAA0 /* Debug */ = {
			isa = XCBuildConfiguration;
			buildSettings = {
				INFOPLIST_FILE = OCCommonUITests/Info.plist;
				LD_RUNPATH_SEARCH_PATHS = "$(inherited) @executable_path/Frameworks @loader_path/Frameworks";
				PRODUCT_BUNDLE_IDENTIFIER = com.yihongmingfeng.OCCommonUITests;
				PRODUCT_NAME = "$(TARGET_NAME)";
				TEST_TARGET_NAME = OCCommon;
				USES_XCTRUNNER = YES;
			};
			name = Debug;
		};
		9A14A0091C849A0800A7FAA0 /* Release */ = {
			isa = XCBuildConfiguration;
			buildSettings = {
				INFOPLIST_FILE = OCCommonUITests/Info.plist;
				LD_RUNPATH_SEARCH_PATHS = "$(inherited) @executable_path/Frameworks @loader_path/Frameworks";
				PRODUCT_BUNDLE_IDENTIFIER = com.yihongmingfeng.OCCommonUITests;
				PRODUCT_NAME = "$(TARGET_NAME)";
				TEST_TARGET_NAME = OCCommon;
				USES_XCTRUNNER = YES;
			};
			name = Release;
		};
/* End XCBuildConfiguration section */

/* Begin XCConfigurationList section */
		9A149FCC1C849A0800A7FAA0 /* Build configuration list for PBXProject "OCCommon" */ = {
			isa = XCConfigurationList;
			buildConfigurations = (
				9A149FFF1C849A0800A7FAA0 /* Debug */,
				9A14A0001C849A0800A7FAA0 /* Release */,
			);
			defaultConfigurationIsVisible = 0;
			defaultConfigurationName = Release;
		};
		9A14A0011C849A0800A7FAA0 /* Build configuration list for PBXNativeTarget "OCCommon" */ = {
			isa = XCConfigurationList;
			buildConfigurations = (
				9A14A0021C849A0800A7FAA0 /* Debug */,
				9A14A0031C849A0800A7FAA0 /* Release */,
			);
			defaultConfigurationIsVisible = 0;
			defaultConfigurationName = Release;
		};
		9A14A0041C849A0800A7FAA0 /* Build configuration list for PBXNativeTarget "OCCommonTests" */ = {
			isa = XCConfigurationList;
			buildConfigurations = (
				9A14A0051C849A0800A7FAA0 /* Debug */,
				9A14A0061C849A0800A7FAA0 /* Release */,
			);
			defaultConfigurationIsVisible = 0;
			defaultConfigurationName = Release;
		};
		9A14A0071C849A0800A7FAA0 /* Build configuration list for PBXNativeTarget "OCCommonUITests" */ = {
			isa = XCConfigurationList;
			buildConfigurations = (
				9A14A0081C849A0800A7FAA0 /* Debug */,
				9A14A0091C849A0800A7FAA0 /* Release */,
			);
			defaultConfigurationIsVisible = 0;
			defaultConfigurationName = Release;
		};
/* End XCConfigurationList section */

/* Begin XCVersionGroup section */
		9A14A01A1C849C6E00A7FAA0 /* OCCommon.xcdatamodeld */ = {
			isa = XCVersionGroup;
			children = (
				9A14A01B1C849C6E00A7FAA0 /* OCCommon.xcdatamodel */,
			);
			currentVersion = 9A14A01B1C849C6E00A7FAA0 /* OCCommon.xcdatamodel */;
			path = OCCommon.xcdatamodeld;
			sourceTree = "<group>";
			versionGroupType = wrapper.xcdatamodel;
		};
/* End XCVersionGroup section */
	};
	rootObject = 9A149FC91C849A0800A7FAA0 /* Project object */;
}
